// !$*UTF8*$!
{
	archiveVersion = 1;
	classes = {
	};
	objectVersion = 46;
	objects = {

/* Begin PBXBuildFile section */
		A83DB2A618CE4A4000FE59D0 /* Foundation.framework in Frameworks */ = {isa = PBXBuildFile; fileRef = A83DB2A518CE4A4000FE59D0 /* Foundation.framework */; };
		A83DB2A818CE4A4000FE59D0 /* CoreGraphics.framework in Frameworks */ = {isa = PBXBuildFile; fileRef = A83DB2A718CE4A4000FE59D0 /* CoreGraphics.framework */; };
		A83DB2AA18CE4A4000FE59D0 /* UIKit.framework in Frameworks */ = {isa = PBXBuildFile; fileRef = A83DB2A918CE4A4000FE59D0 /* UIKit.framework */; };
		A83DB2B018CE4A4000FE59D0 /* InfoPlist.strings in Resources */ = {isa = PBXBuildFile; fileRef = A83DB2AE18CE4A4000FE59D0 /* InfoPlist.strings */; };
		A83DB2B218CE4A4000FE59D0 /* main.m in Sources */ = {isa = PBXBuildFile; fileRef = A83DB2B118CE4A4000FE59D0 /* main.m */; };
		A83DB2B618CE4A4000FE59D0 /* ACAppDelegate.m in Sources */ = {isa = PBXBuildFile; fileRef = A83DB2B518CE4A4000FE59D0 /* ACAppDelegate.m */; };
		A83DB2B918CE4A4000FE59D0 /* Main.storyboard in Resources */ = {isa = PBXBuildFile; fileRef = A83DB2B718CE4A4000FE59D0 /* Main.storyboard */; };
		A83DB2BC18CE4A4000FE59D0 /* ACViewController.m in Sources */ = {isa = PBXBuildFile; fileRef = A83DB2BB18CE4A4000FE59D0 /* ACViewController.m */; };
		A83DB2BE18CE4A4000FE59D0 /* Images.xcassets in Resources */ = {isa = PBXBuildFile; fileRef = A83DB2BD18CE4A4000FE59D0 /* Images.xcassets */; };
		A83DB2C518CE4A4000FE59D0 /* XCTest.framework in Frameworks */ = {isa = PBXBuildFile; fileRef = A83DB2C418CE4A4000FE59D0 /* XCTest.framework */; };
		A83DB2C618CE4A4000FE59D0 /* Foundation.framework in Frameworks */ = {isa = PBXBuildFile; fileRef = A83DB2A518CE4A4000FE59D0 /* Foundation.framework */; };
		A83DB2C718CE4A4000FE59D0 /* UIKit.framework in Frameworks */ = {isa = PBXBuildFile; fileRef = A83DB2A918CE4A4000FE59D0 /* UIKit.framework */; };
		A83DB2CF18CE4A4000FE59D0 /* InfoPlist.strings in Resources */ = {isa = PBXBuildFile; fileRef = A83DB2CD18CE4A4000FE59D0 /* InfoPlist.strings */; };
		A83DB2D118CE4A4000FE59D0 /* Pirate_AdventureTests.m in Sources */ = {isa = PBXBuildFile; fileRef = A83DB2D018CE4A4000FE59D0 /* Pirate_AdventureTests.m */; };
		A83DB2DD18CE4FA900FE59D0 /* ACTile.m in Sources */ = {isa = PBXBuildFile; fileRef = A83DB2DC18CE4FA900FE59D0 /* ACTile.m */; };
		A83DB2E018CE505D00FE59D0 /* ACFactory.m in Sources */ = {isa = PBXBuildFile; fileRef = A83DB2DF18CE505D00FE59D0 /* ACFactory.m */; };
		A83DB2EF18CE639400FE59D0 /* PirateAttack.jpg in Resources */ = {isa = PBXBuildFile; fileRef = A83DB2E318CE639400FE59D0 /* PirateAttack.jpg */; };
		A83DB2F018CE639400FE59D0 /* PirateBlacksmith.jpeg in Resources */ = {isa = PBXBuildFile; fileRef = A83DB2E418CE639400FE59D0 /* PirateBlacksmith.jpeg */; };
		A83DB2F118CE639400FE59D0 /* PirateBoss.jpeg in Resources */ = {isa = PBXBuildFile; fileRef = A83DB2E518CE639400FE59D0 /* PirateBoss.jpeg */; };
		A83DB2F218CE639400FE59D0 /* PirateFriendlyDock.jpg in Resources */ = {isa = PBXBuildFile; fileRef = A83DB2E618CE639400FE59D0 /* PirateFriendlyDock.jpg */; };
		A83DB2F318CE639400FE59D0 /* PirateOctopusAttack.jpg in Resources */ = {isa = PBXBuildFile; fileRef = A83DB2E718CE639400FE59D0 /* PirateOctopusAttack.jpg */; };
		A83DB2F418CE639400FE59D0 /* PirateParrot.jpg in Resources */ = {isa = PBXBuildFile; fileRef = A83DB2E818CE639400FE59D0 /* PirateParrot.jpg */; };
		A83DB2F518CE639400FE59D0 /* PiratePlank.jpg in Resources */ = {isa = PBXBuildFile; fileRef = A83DB2E918CE639400FE59D0 /* PiratePlank.jpg */; };
		A83DB2F618CE639400FE59D0 /* PirateShipBattle.jpeg in Resources */ = {isa = PBXBuildFile; fileRef = A83DB2EA18CE639400FE59D0 /* PirateShipBattle.jpeg */; };
		A83DB2F718CE639400FE59D0 /* PirateStart.jpg in Resources */ = {isa = PBXBuildFile; fileRef = A83DB2EB18CE639400FE59D0 /* PirateStart.jpg */; };
		A83DB2F818CE639400FE59D0 /* PirateTreasure.jpeg in Resources */ = {isa = PBXBuildFile; fileRef = A83DB2EC18CE639400FE59D0 /* PirateTreasure.jpeg */; };
		A83DB2F918CE639400FE59D0 /* PirateTreasurer2.jpeg in Resources */ = {isa = PBXBuildFile; fileRef = A83DB2ED18CE639400FE59D0 /* PirateTreasurer2.jpeg */; };
		A83DB2FA18CE639400FE59D0 /* PirateWeapons.jpeg in Resources */ = {isa = PBXBuildFile; fileRef = A83DB2EE18CE639400FE59D0 /* PirateWeapons.jpeg */; };
/* End PBXBuildFile section */

/* Begin PBXContainerItemProxy section */
		A83DB2C818CE4A4000FE59D0 /* PBXContainerItemProxy */ = {
			isa = PBXContainerItemProxy;
			containerPortal = A83DB29A18CE4A4000FE59D0 /* Project object */;
			proxyType = 1;
			remoteGlobalIDString = A83DB2A118CE4A4000FE59D0;
			remoteInfo = "Pirate Adventure";
		};
/* End PBXContainerItemProxy section */

/* Begin PBXFileReference section */
		A83DB2A218CE4A4000FE59D0 /* Pirate Adventure.app */ = {isa = PBXFileReference; explicitFileType = wrapper.application; includeInIndex = 0; path = "Pirate Adventure.app"; sourceTree = BUILT_PRODUCTS_DIR; };
		A83DB2A518CE4A4000FE59D0 /* Foundation.framework */ = {isa = PBXFileReference; lastKnownFileType = wrapper.framework; name = Foundation.framework; path = System/Library/Frameworks/Foundation.framework; sourceTree = SDKROOT; };
		A83DB2A718CE4A4000FE59D0 /* CoreGraphics.framework */ = {isa = PBXFileReference; lastKnownFileType = wrapper.framework; name = CoreGraphics.framework; path = System/Library/Frameworks/CoreGraphics.framework; sourceTree = SDKROOT; };
		A83DB2A918CE4A4000FE59D0 /* UIKit.framework */ = {isa = PBXFileReference; lastKnownFileType = wrapper.framework; name = UIKit.framework; path = System/Library/Frameworks/UIKit.framework; sourceTree = SDKROOT; };
		A83DB2AD18CE4A4000FE59D0 /* Pirate Adventure-Info.plist */ = {isa = PBXFileReference; lastKnownFileType = text.plist.xml; path = "Pirate Adventure-Info.plist"; sourceTree = "<group>"; };
		A83DB2AF18CE4A4000FE59D0 /* en */ = {isa = PBXFileReference; lastKnownFileType = text.plist.strings; name = en; path = en.lproj/InfoPlist.strings; sourceTree = "<group>"; };
		A83DB2B118CE4A4000FE59D0 /* main.m */ = {isa = PBXFileReference; lastKnownFileType = sourcecode.c.objc; path = main.m; sourceTree = "<group>"; };
		A83DB2B318CE4A4000FE59D0 /* Pirate Adventure-Prefix.pch */ = {isa = PBXFileReference; lastKnownFileType = sourcecode.c.h; path = "Pirate Adventure-Prefix.pch"; sourceTree = "<group>"; };
		A83DB2B418CE4A4000FE59D0 /* ACAppDelegate.h */ = {isa = PBXFileReference; lastKnownFileType = sourcecode.c.h; path = ACAppDelegate.h; sourceTree = "<group>"; };
		A83DB2B518CE4A4000FE59D0 /* ACAppDelegate.m */ = {isa = PBXFileReference; lastKnownFileType = sourcecode.c.objc; path = ACAppDelegate.m; sourceTree = "<group>"; };
		A83DB2B818CE4A4000FE59D0 /* Base */ = {isa = PBXFileReference; lastKnownFileType = file.storyboard; name = Base; path = Base.lproj/Main.storyboard; sourceTree = "<group>"; };
		A83DB2BA18CE4A4000FE59D0 /* ACViewController.h */ = {isa = PBXFileReference; lastKnownFileType = sourcecode.c.h; path = ACViewController.h; sourceTree = "<group>"; };
		A83DB2BB18CE4A4000FE59D0 /* ACViewController.m */ = {isa = PBXFileReference; lastKnownFileType = sourcecode.c.objc; path = ACViewController.m; sourceTree = "<group>"; };
		A83DB2BD18CE4A4000FE59D0 /* Images.xcassets */ = {isa = PBXFileReference; lastKnownFileType = folder.assetcatalog; path = Images.xcassets; sourceTree = "<group>"; };
		A83DB2C318CE4A4000FE59D0 /* Pirate AdventureTests.xctest */ = {isa = PBXFileReference; explicitFileType = wrapper.cfbundle; includeInIndex = 0; path = "Pirate AdventureTests.xctest"; sourceTree = BUILT_PRODUCTS_DIR; };
		A83DB2C418CE4A4000FE59D0 /* XCTest.framework */ = {isa = PBXFileReference; lastKnownFileType = wrapper.framework; name = XCTest.framework; path = Library/Frameworks/XCTest.framework; sourceTree = DEVELOPER_DIR; };
		A83DB2CC18CE4A4000FE59D0 /* Pirate AdventureTests-Info.plist */ = {isa = PBXFileReference; lastKnownFileType = text.plist.xml; path = "Pirate AdventureTests-Info.plist"; sourceTree = "<group>"; };
		A83DB2CE18CE4A4000FE59D0 /* en */ = {isa = PBXFileReference; lastKnownFileType = text.plist.strings; name = en; path = en.lproj/InfoPlist.strings; sourceTree = "<group>"; };
		A83DB2D018CE4A4000FE59D0 /* Pirate_AdventureTests.m */ = {isa = PBXFileReference; lastKnownFileType = sourcecode.c.objc; path = Pirate_AdventureTests.m; sourceTree = "<group>"; };
		A83DB2DB18CE4FA900FE59D0 /* ACTile.h */ = {isa = PBXFileReference; fileEncoding = 4; lastKnownFileType = sourcecode.c.h; path = ACTile.h; sourceTree = "<group>"; };
		A83DB2DC18CE4FA900FE59D0 /* ACTile.m */ = {isa = PBXFileReference; fileEncoding = 4; lastKnownFileType = sourcecode.c.objc; path = ACTile.m; sourceTree = "<group>"; };
		A83DB2DE18CE505D00FE59D0 /* ACFactory.h */ = {isa = PBXFileReference; fileEncoding = 4; lastKnownFileType = sourcecode.c.h; path = ACFactory.h; sourceTree = "<group>"; };
		A83DB2DF18CE505D00FE59D0 /* ACFactory.m */ = {isa = PBXFileReference; fileEncoding = 4; lastKnownFileType = sourcecode.c.objc; path = ACFactory.m; sourceTree = "<group>"; };
		A83DB2E318CE639400FE59D0 /* PirateAttack.jpg */ = {isa = PBXFileReference; lastKnownFileType = image.jpeg; path = PirateAttack.jpg; sourceTree = "<group>"; };
		A83DB2E418CE639400FE59D0 /* PirateBlacksmith.jpeg */ = {isa = PBXFileReference; lastKnownFileType = image.jpeg; path = PirateBlacksmith.jpeg; sourceTree = "<group>"; };
		A83DB2E518CE639400FE59D0 /* PirateBoss.jpeg */ = {isa = PBXFileReference; lastKnownFileType = image.jpeg; path = PirateBoss.jpeg; sourceTree = "<group>"; };
		A83DB2E618CE639400FE59D0 /* PirateFriendlyDock.jpg */ = {isa = PBXFileReference; lastKnownFileType = image.jpeg; path = PirateFriendlyDock.jpg; sourceTree = "<group>"; };
		A83DB2E718CE639400FE59D0 /* PirateOctopusAttack.jpg */ = {isa = PBXFileReference; lastKnownFileType = image.jpeg; path = PirateOctopusAttack.jpg; sourceTree = "<group>"; };
		A83DB2E818CE639400FE59D0 /* PirateParrot.jpg */ = {isa = PBXFileReference; lastKnownFileType = image.jpeg; path = PirateParrot.jpg; sourceTree = "<group>"; };
		A83DB2E918CE639400FE59D0 /* PiratePlank.jpg */ = {isa = PBXFileReference; lastKnownFileType = image.jpeg; path = PiratePlank.jpg; sourceTree = "<group>"; };
		A83DB2EA18CE639400FE59D0 /* PirateShipBattle.jpeg */ = {isa = PBXFileReference; lastKnownFileType = image.jpeg; path = PirateShipBattle.jpeg; sourceTree = "<group>"; };
		A83DB2EB18CE639400FE59D0 /* PirateStart.jpg */ = {isa = PBXFileReference; lastKnownFileType = image.jpeg; path = PirateStart.jpg; sourceTree = "<group>"; };
		A83DB2EC18CE639400FE59D0 /* PirateTreasure.jpeg */ = {isa = PBXFileReference; lastKnownFileType = image.jpeg; path = PirateTreasure.jpeg; sourceTree = "<group>"; };
		A83DB2ED18CE639400FE59D0 /* PirateTreasurer2.jpeg */ = {isa = PBXFileReference; lastKnownFileType = image.jpeg; path = PirateTreasurer2.jpeg; sourceTree = "<group>"; };
		A83DB2EE18CE639400FE59D0 /* PirateWeapons.jpeg */ = {isa = PBXFileReference; lastKnownFileType = image.jpeg; path = PirateWeapons.jpeg; sourceTree = "<group>"; };
/* End PBXFileReference section */

/* Begin PBXFrameworksBuildPhase section */
		A83DB29F18CE4A4000FE59D0 /* Frameworks */ = {
			isa = PBXFrameworksBuildPhase;
			buildActionMask = 2147483647;
			files = (
				A83DB2A818CE4A4000FE59D0 /* CoreGraphics.framework in Frameworks */,
				A83DB2AA18CE4A4000FE59D0 /* UIKit.framework in Frameworks */,
				A83DB2A618CE4A4000FE59D0 /* Foundation.framework in Frameworks */,
			);
			runOnlyForDeploymentPostprocessing = 0;
		};
		A83DB2C018CE4A4000FE59D0 /* Frameworks */ = {
			isa = PBXFrameworksBuildPhase;
			buildActionMask = 2147483647;
			files = (
				A83DB2C518CE4A4000FE59D0 /* XCTest.framework in Frameworks */,
				A83DB2C718CE4A4000FE59D0 /* UIKit.framework in Frameworks */,
				A83DB2C618CE4A4000FE59D0 /* Foundation.framework in Frameworks */,
			);
			runOnlyForDeploymentPostprocessing = 0;
		};
/* End PBXFrameworksBuildPhase section */

/* Begin PBXGroup section */
		A83DB29918CE4A4000FE59D0 = {
			isa = PBXGroup;
			children = (
				A83DB2AB18CE4A4000FE59D0 /* Pirate Adventure */,
				A83DB2CA18CE4A4000FE59D0 /* Pirate AdventureTests */,
				A83DB2A418CE4A4000FE59D0 /* Frameworks */,
				A83DB2A318CE4A4000FE59D0 /* Products */,
			);
			sourceTree = "<group>";
		};
		A83DB2A318CE4A4000FE59D0 /* Products */ = {
			isa = PBXGroup;
			children = (
				A83DB2A218CE4A4000FE59D0 /* Pirate Adventure.app */,
				A83DB2C318CE4A4000FE59D0 /* Pirate AdventureTests.xctest */,
			);
			name = Products;
			sourceTree = "<group>";
		};
		A83DB2A418CE4A4000FE59D0 /* Frameworks */ = {
			isa = PBXGroup;
			children = (
				A83DB2A518CE4A4000FE59D0 /* Foundation.framework */,
				A83DB2A718CE4A4000FE59D0 /* CoreGraphics.framework */,
				A83DB2A918CE4A4000FE59D0 /* UIKit.framework */,
				A83DB2C418CE4A4000FE59D0 /* XCTest.framework */,
			);
			name = Frameworks;
			sourceTree = "<group>";
		};
		A83DB2AB18CE4A4000FE59D0 /* Pirate Adventure */ = {
			isa = PBXGroup;
			children = (
				A83DB2B418CE4A4000FE59D0 /* ACAppDelegate.h */,
				A83DB2B518CE4A4000FE59D0 /* ACAppDelegate.m */,
				A83DB2B718CE4A4000FE59D0 /* Main.storyboard */,
				A83DB2BA18CE4A4000FE59D0 /* ACViewController.h */,
				A83DB2BB18CE4A4000FE59D0 /* ACViewController.m */,
				A83DB2DA18CE4F8A00FE59D0 /* Model */,
				A83DB2BD18CE4A4000FE59D0 /* Images.xcassets */,
				A83DB2AC18CE4A4000FE59D0 /* Supporting Files */,
			);
			path = "Pirate Adventure";
			sourceTree = "<group>";
		};
		A83DB2AC18CE4A4000FE59D0 /* Supporting Files */ = {
			isa = PBXGroup;
			children = (
				A83DB2E218CE637500FE59D0 /* New Group */,
				A83DB2AD18CE4A4000FE59D0 /* Pirate Adventure-Info.plist */,
				A83DB2AE18CE4A4000FE59D0 /* InfoPlist.strings */,
				A83DB2B118CE4A4000FE59D0 /* main.m */,
				A83DB2B318CE4A4000FE59D0 /* Pirate Adventure-Prefix.pch */,
			);
			name = "Supporting Files";
			sourceTree = "<group>";
		};
		A83DB2CA18CE4A4000FE59D0 /* Pirate AdventureTests */ = {
			isa = PBXGroup;
			children = (
				A83DB2D018CE4A4000FE59D0 /* Pirate_AdventureTests.m */,
				A83DB2CB18CE4A4000FE59D0 /* Supporting Files */,
			);
			path = "Pirate AdventureTests";
			sourceTree = "<group>";
		};
		A83DB2CB18CE4A4000FE59D0 /* Supporting Files */ = {
			isa = PBXGroup;
			children = (
				A83DB2CC18CE4A4000FE59D0 /* Pirate AdventureTests-Info.plist */,
				A83DB2CD18CE4A4000FE59D0 /* InfoPlist.strings */,
			);
			name = "Supporting Files";
			sourceTree = "<group>";
		};
		A83DB2DA18CE4F8A00FE59D0 /* Model */ = {
			isa = PBXGroup;
			children = (
				A83DB2E118CE507B00FE59D0 /* Factory */,
				A83DB2DB18CE4FA900FE59D0 /* ACTile.h */,
				A83DB2DC18CE4FA900FE59D0 /* ACTile.m */,
			);
			name = Model;
			path = ..;
			sourceTree = "<group>";
		};
		A83DB2E118CE507B00FE59D0 /* Factory */ = {
			isa = PBXGroup;
			children = (
				A83DB2DE18CE505D00FE59D0 /* ACFactory.h */,
				A83DB2DF18CE505D00FE59D0 /* ACFactory.m */,
			);
			name = Factory;
			sourceTree = "<group>";
		};
		A83DB2E218CE637500FE59D0 /* New Group */ = {
			isa = PBXGroup;
			children = (
				A83DB2E318CE639400FE59D0 /* PirateAttack.jpg */,
				A83DB2E418CE639400FE59D0 /* PirateBlacksmith.jpeg */,
				A83DB2E518CE639400FE59D0 /* PirateBoss.jpeg */,
				A83DB2E618CE639400FE59D0 /* PirateFriendlyDock.jpg */,
				A83DB2E718CE639400FE59D0 /* PirateOctopusAttack.jpg */,
				A83DB2E818CE639400FE59D0 /* PirateParrot.jpg */,
				A83DB2E918CE639400FE59D0 /* PiratePlank.jpg */,
				A83DB2EA18CE639400FE59D0 /* PirateShipBattle.jpeg */,
				A83DB2EB18CE639400FE59D0 /* PirateStart.jpg */,
				A83DB2EC18CE639400FE59D0 /* PirateTreasure.jpeg */,
				A83DB2ED18CE639400FE59D0 /* PirateTreasurer2.jpeg */,
				A83DB2EE18CE639400FE59D0 /* PirateWeapons.jpeg */,
			);
			name = "New Group";
			path = ..;
			sourceTree = "<group>";
		};
/* End PBXGroup section */

/* Begin PBXNativeTarget section */
		A83DB2A118CE4A4000FE59D0 /* Pirate Adventure */ = {
			isa = PBXNativeTarget;
			buildConfigurationList = A83DB2D418CE4A4000FE59D0 /* Build configuration list for PBXNativeTarget "Pirate Adventure" */;
			buildPhases = (
				A83DB29E18CE4A4000FE59D0 /* Sources */,
				A83DB29F18CE4A4000FE59D0 /* Frameworks */,
				A83DB2A018CE4A4000FE59D0 /* Resources */,
			);
			buildRules = (
			);
			dependencies = (
			);
			name = "Pirate Adventure";
			productName = "Pirate Adventure";
			productReference = A83DB2A218CE4A4000FE59D0 /* Pirate Adventure.app */;
			productType = "com.apple.product-type.application";
		};
		A83DB2C218CE4A4000FE59D0 /* Pirate AdventureTests */ = {
			isa = PBXNativeTarget;
			buildConfigurationList = A83DB2D718CE4A4000FE59D0 /* Build configuration list for PBXNativeTarget "Pirate AdventureTests" */;
			buildPhases = (
				A83DB2BF18CE4A4000FE59D0 /* Sources */,
				A83DB2C018CE4A4000FE59D0 /* Frameworks */,
				A83DB2C118CE4A4000FE59D0 /* Resources */,
			);
			buildRules = (
			);
			dependencies = (
				A83DB2C918CE4A4000FE59D0 /* PBXTargetDependency */,
			);
			name = "Pirate AdventureTests";
			productName = "Pirate AdventureTests";
			productReference = A83DB2C318CE4A4000FE59D0 /* Pirate AdventureTests.xctest */;
			productType = "com.apple.product-type.bundle.unit-test";
		};
/* End PBXNativeTarget section */

/* Begin PBXProject section */
		A83DB29A18CE4A4000FE59D0 /* Project object */ = {
			isa = PBXProject;
			attributes = {
				CLASSPREFIX = AC;
				LastUpgradeCheck = 0500;
				ORGANIZATIONNAME = "Andrew Christie";
				TargetAttributes = {
					A83DB2C218CE4A4000FE59D0 = {
						TestTargetID = A83DB2A118CE4A4000FE59D0;
					};
				};
			};
			buildConfigurationList = A83DB29D18CE4A4000FE59D0 /* Build configuration list for PBXProject "Pirate Adventure" */;
			compatibilityVersion = "Xcode 3.2";
			developmentRegion = English;
			hasScannedForEncodings = 0;
			knownRegions = (
				en,
				Base,
			);
			mainGroup = A83DB29918CE4A4000FE59D0;
			productRefGroup = A83DB2A318CE4A4000FE59D0 /* Products */;
			projectDirPath = "";
			projectRoot = "";
			targets = (
				A83DB2A118CE4A4000FE59D0 /* Pirate Adventure */,
				A83DB2C218CE4A4000FE59D0 /* Pirate AdventureTests */,
			);
		};
/* End PBXProject section */

/* Begin PBXResourcesBuildPhase section */
		A83DB2A018CE4A4000FE59D0 /* Resources */ = {
			isa = PBXResourcesBuildPhase;
			buildActionMask = 2147483647;
			files = (
				A83DB2F318CE639400FE59D0 /* PirateOctopusAttack.jpg in Resources */,
				A83DB2FA18CE639400FE59D0 /* PirateWeapons.jpeg in Resources */,
				A83DB2F518CE639400FE59D0 /* PiratePlank.jpg in Resources */,
				A83DB2F818CE639400FE59D0 /* PirateTreasure.jpeg in Resources */,
				A83DB2F218CE639400FE59D0 /* PirateFriendlyDock.jpg in Resources */,
				A83DB2EF18CE639400FE59D0 /* PirateAttack.jpg in Resources */,
				A83DB2BE18CE4A4000FE59D0 /* Images.xcassets in Resources */,
				A83DB2B018CE4A4000FE59D0 /* InfoPlist.strings in Resources */,
				A83DB2B918CE4A4000FE59D0 /* Main.storyboard in Resources */,
				A83DB2F618CE639400FE59D0 /* PirateShipBattle.jpeg in Resources */,
				A83DB2F918CE639400FE59D0 /* PirateTreasurer2.jpeg in Resources */,
				A83DB2F018CE639400FE59D0 /* PirateBlacksmith.jpeg in Resources */,
				A83DB2F718CE639400FE59D0 /* PirateStart.jpg in Resources */,
				A83DB2F118CE639400FE59D0 /* PirateBoss.jpeg in Resources */,
				A83DB2F418CE639400FE59D0 /* PirateParrot.jpg in Resources */,
			);
			runOnlyForDeploymentPostprocessing = 0;
		};
		A83DB2C118CE4A4000FE59D0 /* Resources */ = {
			isa = PBXResourcesBuildPhase;
			buildActionMask = 2147483647;
			files = (
				A83DB2CF18CE4A4000FE59D0 /* InfoPlist.strings in Resources */,
			);
			runOnlyForDeploymentPostprocessing = 0;
		};
/* End PBXResourcesBuildPhase section */

/* Begin PBXSourcesBuildPhase section */
		A83DB29E18CE4A4000FE59D0 /* Sources */ = {
			isa = PBXSourcesBuildPhase;
			buildActionMask = 2147483647;
			files = (
				A83DB2B618CE4A4000FE59D0 /* ACAppDelegate.m in Sources */,
				A83DB2E018CE505D00FE59D0 /* ACFactory.m in Sources */,
				A83DB2DD18CE4FA900FE59D0 /* ACTile.m in Sources */,
				A83DB2BC18CE4A4000FE59D0 /* ACViewController.m in Sources */,
				A83DB2B218CE4A4000FE59D0 /* main.m in Sources */,
			);
			runOnlyForDeploymentPostprocessing = 0;
		};
		A83DB2BF18CE4A4000FE59D0 /* Sources */ = {
			isa = PBXSourcesBuildPhase;
			buildActionMask = 2147483647;
			files = (
				A83DB2D118CE4A4000FE59D0 /* Pirate_AdventureTests.m in Sources */,
			);
			runOnlyForDeploymentPostprocessing = 0;
		};
/* End PBXSourcesBuildPhase section */

/* Begin PBXTargetDependency section */
		A83DB2C918CE4A4000FE59D0 /* PBXTargetDependency */ = {
			isa = PBXTargetDependency;
			target = A83DB2A118CE4A4000FE59D0 /* Pirate Adventure */;
			targetProxy = A83DB2C818CE4A4000FE59D0 /* PBXContainerItemProxy */;
		};
/* End PBXTargetDependency section */

/* Begin PBXVariantGroup section */
		A83DB2AE18CE4A4000FE59D0 /* InfoPlist.strings */ = {
			isa = PBXVariantGroup;
			children = (
				A83DB2AF18CE4A4000FE59D0 /* en */,
			);
			name = InfoPlist.strings;
			sourceTree = "<group>";
		};
		A83DB2B718CE4A4000FE59D0 /* Main.storyboard */ = {
			isa = PBXVariantGroup;
			children = (
				A83DB2B818CE4A4000FE59D0 /* Base */,
			);
			name = Main.storyboard;
			sourceTree = "<group>";
		};
		A83DB2CD18CE4A4000FE59D0 /* InfoPlist.strings */ = {
			isa = PBXVariantGroup;
			children = (
				A83DB2CE18CE4A4000FE59D0 /* en */,
			);
			name = InfoPlist.strings;
			sourceTree = "<group>";
		};
/* End PBXVariantGroup section */

/* Begin XCBuildConfiguration section */
		A83DB2D218CE4A4000FE59D0 /* Debug */ = {
			isa = XCBuildConfiguration;
			buildSettings = {
				ALWAYS_SEARCH_USER_PATHS = NO;
				ARCHS = "$(ARCHS_STANDARD_INCLUDING_64_BIT)";
				CLANG_CXX_LANGUAGE_STANDARD = "gnu++0x";
				CLANG_CXX_LIBRARY = "libc++";
				CLANG_ENABLE_MODULES = YES;
				CLANG_ENABLE_OBJC_ARC = YES;
				CLANG_WARN_BOOL_CONVERSION = YES;
				CLANG_WARN_CONSTANT_CONVERSION = YES;
				CLANG_WARN_DIRECT_OBJC_ISA_USAGE = YES_ERROR;
				CLANG_WARN_EMPTY_BODY = YES;
				CLANG_WARN_ENUM_CONVERSION = YES;
				CLANG_WARN_INT_CONVERSION = YES;
				CLANG_WARN_OBJC_ROOT_CLASS = YES_ERROR;
				CLANG_WARN__DUPLICATE_METHOD_MATCH = YES;
				"CODE_SIGN_IDENTITY[sdk=iphoneos*]" = "iPhone Developer";
				COPY_PHASE_STRIP = NO;
				GCC_C_LANGUAGE_STANDARD = gnu99;
				GCC_DYNAMIC_NO_PIC = NO;
				GCC_OPTIMIZATION_LEVEL = 0;
				GCC_PREPROCESSOR_DEFINITIONS = (
					"DEBUG=1",
					"$(inherited)",
				);
				GCC_SYMBOLS_PRIVATE_EXTERN = NO;
				GCC_WARN_64_TO_32_BIT_CONVERSION = YES;
				GCC_WARN_ABOUT_RETURN_TYPE = YES_ERROR;
				GCC_WARN_UNDECLARED_SELECTOR = YES;
				GCC_WARN_UNINITIALIZED_AUTOS = YES;
				GCC_WARN_UNUSED_FUNCTION = YES;
				GCC_WARN_UNUSED_VARIABLE = YES;
				IPHONEOS_DEPLOYMENT_TARGET = 7.0;
				ONLY_ACTIVE_ARCH = YES;
				SDKROOT = iphoneos;
			};
			name = Debug;
		};
		A83DB2D318CE4A4000FE59D0 /* Release */ = {
			isa = XCBuildConfiguration;
			buildSettings = {
				ALWAYS_SEARCH_USER_PATHS = NO;
				ARCHS = "$(ARCHS_STANDARD_INCLUDING_64_BIT)";
				CLANG_CXX_LANGUAGE_STANDARD = "gnu++0x";
				CLANG_CXX_LIBRARY = "libc++";
				CLANG_ENABLE_MODULES = YES;
				CLANG_ENABLE_OBJC_ARC = YES;
				CLANG_WARN_BOOL_CONVERSION = YES;
				CLANG_WARN_CONSTANT_CONVERSION = YES;
				CLANG_WARN_DIRECT_OBJC_ISA_USAGE = YES_ERROR;
				CLANG_WARN_EMPTY_BODY = YES;
				CLANG_WARN_ENUM_CONVERSION = YES;
				CLANG_WARN_INT_CONVERSION = YES;
				CLANG_WARN_OBJC_ROOT_CLASS = YES_ERROR;
				CLANG_WARN__DUPLICATE_METHOD_MATCH = YES;
				"CODE_SIGN_IDENTITY[sdk=iphoneos*]" = "iPhone Developer";
				COPY_PHASE_STRIP = YES;
				ENABLE_NS_ASSERTIONS = NO;
				GCC_C_LANGUAGE_STANDARD = gnu99;
				GCC_WARN_64_TO_32_BIT_CONVERSION = YES;
				GCC_WARN_ABOUT_RETURN_TYPE = YES_ERROR;
				GCC_WARN_UNDECLARED_SELECTOR = YES;
				GCC_WARN_UNINITIALIZED_AUTOS = YES;
				GCC_WARN_UNUSED_FUNCTION = YES;
				GCC_WARN_UNUSED_VARIABLE = YES;
				IPHONEOS_DEPLOYMENT_TARGET = 7.0;
				SDKROOT = iphoneos;
				VALIDATE_PRODUCT = YES;
			};
			name = Release;
		};
		A83DB2D518CE4A4000FE59D0 /* Debug */ = {
			isa = XCBuildConfiguration;
			buildSettings = {
				ASSETCATALOG_COMPILER_APPICON_NAME = AppIcon;
				ASSETCATALOG_COMPILER_LAUNCHIMAGE_NAME = LaunchImage;
				GCC_PRECOMPILE_PREFIX_HEADER = YES;
				GCC_PREFIX_HEADER = "Pirate Adventure/Pirate Adventure-Prefix.pch";
				INFOPLIST_FILE = "Pirate Adventure/Pirate Adventure-Info.plist";
				PRODUCT_NAME = "$(TARGET_NAME)";
				WRAPPER_EXTENSION = app;
			};
			name = Debug;
		};
		A83DB2D618CE4A4000FE59D0 /* Release */ = {
			isa = XCBuildConfiguration;
			buildSettings = {
				ASSETCATALOG_COMPILER_APPICON_NAME = AppIcon;
				ASSETCATALOG_COMPILER_LAUNCHIMAGE_NAME = LaunchImage;
				GCC_PRECOMPILE_PREFIX_HEADER = YES;
				GCC_PREFIX_HEADER = "Pirate Adventure/Pirate Adventure-Prefix.pch";
				INFOPLIST_FILE = "Pirate Adventure/Pirate Adventure-Info.plist";
				PRODUCT_NAME = "$(TARGET_NAME)";
				WRAPPER_EXTENSION = app;
			};
			name = Release;
		};
		A83DB2D818CE4A4000FE59D0 /* Debug */ = {
			isa = XCBuildConfiguration;
			buildSettings = {
				ARCHS = "$(ARCHS_STANDARD_INCLUDING_64_BIT)";
				BUNDLE_LOADER = "$(BUILT_PRODUCTS_DIR)/Pirate Adventure.app/Pirate Adventure";
				FRAMEWORK_SEARCH_PATHS = (
					"$(SDKROOT)/Developer/Library/Frameworks",
					"$(inherited)",
					"$(DEVELOPER_FRAMEWORKS_DIR)",
				);
				GCC_PRECOMPILE_PREFIX_HEADER = YES;
				GCC_PREFIX_HEADER = "Pirate Adventure/Pirate Adventure-Prefix.pch";
				GCC_PREPROCESSOR_DEFINITIONS = (
					"DEBUG=1",
					"$(inherited)",
				);
				INFOPLIST_FILE = "Pirate AdventureTests/Pirate AdventureTests-Info.plist";
				PRODUCT_NAME = "$(TARGET_NAME)";
				TEST_HOST = "$(BUNDLE_LOADER)";
				WRAPPER_EXTENSION = xctest;
			};
			name = Debug;
		};
		A83DB2D918CE4A4000FE59D0 /* Release */ = {
			isa = XCBuildConfiguration;
			buildSettings = {
				ARCHS = "$(ARCHS_STANDARD_INCLUDING_64_BIT)";
				BUNDLE_LOADER = "$(BUILT_PRODUCTS_DIR)/Pirate Adventure.app/Pirate Adventure";
				FRAMEWORK_SEARCH_PATHS = (
					"$(SDKROOT)/Developer/Library/Frameworks",
					"$(inherited)",
					"$(DEVELOPER_FRAMEWORKS_DIR)",
				);
				GCC_PRECOMPILE_PREFIX_HEADER = YES;
				GCC_PREFIX_HEADER = "Pirate Adventure/Pirate Adventure-Prefix.pch";
				INFOPLIST_FILE = "Pirate AdventureTests/Pirate AdventureTests-Info.plist";
				PRODUCT_NAME = "$(TARGET_NAME)";
				TEST_HOST = "$(BUNDLE_LOADER)";
				WRAPPER_EXTENSION = xctest;
			};
			name = Release;
		};
/* End XCBuildConfiguration section */

/* Begin XCConfigurationList section */
		A83DB29D18CE4A4000FE59D0 /* Build configuration list for PBXProject "Pirate Adventure" */ = {
			isa = XCConfigurationList;
			buildConfigurations = (
				A83DB2D218CE4A4000FE59D0 /* Debug */,
				A83DB2D318CE4A4000FE59D0 /* Release */,
			);
			defaultConfigurationIsVisible = 0;
			defaultConfigurationName = Release;
		};
		A83DB2D418CE4A4000FE59D0 /* Build configuration list for PBXNativeTarget "Pirate Adventure" */ = {
			isa = XCConfigurationList;
			buildConfigurations = (
				A83DB2D518CE4A4000FE59D0 /* Debug */,
				A83DB2D618CE4A4000FE59D0 /* Release */,
			);
			defaultConfigurationIsVisible = 0;
		};
		A83DB2D718CE4A4000FE59D0 /* Build configuration list for PBXNativeTarget "Pirate AdventureTests" */ = {
			isa = XCConfigurationList;
			buildConfigurations = (
				A83DB2D818CE4A4000FE59D0 /* Debug */,
				A83DB2D918CE4A4000FE59D0 /* Release */,
			);
			defaultConfigurationIsVisible = 0;
		};
/* End XCConfigurationList section */
	};
	rootObject = A83DB29A18CE4A4000FE59D0 /* Project object */;
}
